{
  "name": "pom-test-service-check",
  "version": "1.0.0",
  "lockfileVersion": 1,
  "requires": true,
  "dependencies": {
    "easy-logger": {
      "version": "0.0.5",
      "resolved": "https://registry.npmjs.org/easy-logger/-/easy-logger-0.0.5.tgz",
      "integrity": "sha1-wJL+qOiCjDXCpzjLk8bQwx7yIsU=",
      "dev": true
    },
    "string": {
      "version": "3.3.3",
      "resolved": "https://registry.npmjs.org/string/-/string-3.3.3.tgz",
      "integrity": "sha1-XqIRzZLSKOGEKUmQpsyXs2anfLA=",
      "dev": true
    }
  }
}
